// !$*UTF8*$!
{
	archiveVersion = 1;
	classes = {
	};
	objectVersion = 46;
	objects = {

/* Begin PBXBuildFile section */
		2709104F19F4139200DF25A8 /* AlbertEinsteinStamp.jpg in Resources */ = {isa = PBXBuildFile; fileRef = 2709104D19F4139200DF25A8 /* AlbertEinsteinStamp.jpg */; };
		2709105019F4139200DF25A8 /* SagradaFamilia.jpeg in Resources */ = {isa = PBXBuildFile; fileRef = 2709104E19F4139200DF25A8 /* SagradaFamilia.jpeg */; };
		27FC66AB19F2D76700DAE63A /* AppDelegate.swift in Sources */ = {isa = PBXBuildFile; fileRef = 27FC66AA19F2D76700DAE63A /* AppDelegate.swift */; };
		27FC66AD19F2D76700DAE63A /* ViewController.swift in Sources */ = {isa = PBXBuildFile; fileRef = 27FC66AC19F2D76700DAE63A /* ViewController.swift */; };
		27FC66B019F2D76700DAE63A /* Main.storyboard in Resources */ = {isa = PBXBuildFile; fileRef = 27FC66AE19F2D76700DAE63A /* Main.storyboard */; };
		27FC66B219F2D76700DAE63A /* Images.xcassets in Resources */ = {isa = PBXBuildFile; fileRef = 27FC66B119F2D76700DAE63A /* Images.xcassets */; };
		27FC66B519F2D76700DAE63A /* LaunchScreen.xib in Resources */ = {isa = PBXBuildFile; fileRef = 27FC66B319F2D76700DAE63A /* LaunchScreen.xib */; };
		27FC66C119F2D76700DAE63A /* PostcardTests.swift in Sources */ = {isa = PBXBuildFile; fileRef = 27FC66C019F2D76700DAE63A /* PostcardTests.swift */; };
/* End PBXBuildFile section */

/* Begin PBXContainerItemProxy section */
		27FC66BB19F2D76700DAE63A /* PBXContainerItemProxy */ = {
			isa = PBXContainerItemProxy;
			containerPortal = 27FC669D19F2D76700DAE63A /* Project object */;
			proxyType = 1;
			remoteGlobalIDString = 27FC66A419F2D76700DAE63A;
			remoteInfo = Postcard;
		};
/* End PBXContainerItemProxy section */

/* Begin PBXFileReference section */
		2709104D19F4139200DF25A8 /* AlbertEinsteinStamp.jpg */ = {isa = PBXFileReference; lastKnownFileType = image.jpeg; path = AlbertEinsteinStamp.jpg; sourceTree = "<group>"; };
		2709104E19F4139200DF25A8 /* SagradaFamilia.jpeg */ = {isa = PBXFileReference; lastKnownFileType = image.jpeg; path = SagradaFamilia.jpeg; sourceTree = "<group>"; };
		27FC66A519F2D76700DAE63A /* Postcard.app */ = {isa = PBXFileReference; explicitFileType = wrapper.application; includeInIndex = 0; path = Postcard.app; sourceTree = BUILT_PRODUCTS_DIR; };
		27FC66A919F2D76700DAE63A /* Info.plist */ = {isa = PBXFileReference; lastKnownFileType = text.plist.xml; path = Info.plist; sourceTree = "<group>"; };
		27FC66AA19F2D76700DAE63A /* AppDelegate.swift */ = {isa = PBXFileReference; lastKnownFileType = sourcecode.swift; path = AppDelegate.swift; sourceTree = "<group>"; };
		27FC66AC19F2D76700DAE63A /* ViewController.swift */ = {isa = PBXFileReference; lastKnownFileType = sourcecode.swift; path = ViewController.swift; sourceTree = "<group>"; };
		27FC66AF19F2D76700DAE63A /* Base */ = {isa = PBXFileReference; lastKnownFileType = file.storyboard; name = Base; path = Base.lproj/Main.storyboard; sourceTree = "<group>"; };
		27FC66B119F2D76700DAE63A /* Images.xcassets */ = {isa = PBXFileReference; lastKnownFileType = folder.assetcatalog; path = Images.xcassets; sourceTree = "<group>"; };
		27FC66B419F2D76700DAE63A /* Base */ = {isa = PBXFileReference; lastKnownFileType = file.xib; name = Base; path = Base.lproj/LaunchScreen.xib; sourceTree = "<group>"; };
		27FC66BA19F2D76700DAE63A /* PostcardTests.xctest */ = {isa = PBXFileReference; explicitFileType = wrapper.cfbundle; includeInIndex = 0; path = PostcardTests.xctest; sourceTree = BUILT_PRODUCTS_DIR; };
		27FC66BF19F2D76700DAE63A /* Info.plist */ = {isa = PBXFileReference; lastKnownFileType = text.plist.xml; path = Info.plist; sourceTree = "<group>"; };
		27FC66C019F2D76700DAE63A /* PostcardTests.swift */ = {isa = PBXFileReference; lastKnownFileType = sourcecode.swift; path = PostcardTests.swift; sourceTree = "<group>"; };
/* End PBXFileReference section */

/* Begin PBXFrameworksBuildPhase section */
		27FC66A219F2D76700DAE63A /* Frameworks */ = {
			isa = PBXFrameworksBuildPhase;
			buildActionMask = 2147483647;
			files = (
			);
			runOnlyForDeploymentPostprocessing = 0;
		};
		27FC66B719F2D76700DAE63A /* Frameworks */ = {
			isa = PBXFrameworksBuildPhase;
			buildActionMask = 2147483647;
			files = (
			);
			runOnlyForDeploymentPostprocessing = 0;
		};
/* End PBXFrameworksBuildPhase section */

/* Begin PBXGroup section */
		27FC669C19F2D76700DAE63A = {
			isa = PBXGroup;
			children = (
				27FC66A719F2D76700DAE63A /* Postcard */,
				27FC66BD19F2D76700DAE63A /* PostcardTests */,
				27FC66A619F2D76700DAE63A /* Products */,
			);
			sourceTree = "<group>";
		};
		27FC66A619F2D76700DAE63A /* Products */ = {
			isa = PBXGroup;
			children = (
				27FC66A519F2D76700DAE63A /* Postcard.app */,
				27FC66BA19F2D76700DAE63A /* PostcardTests.xctest */,
			);
			name = Products;
			sourceTree = "<group>";
		};
		27FC66A719F2D76700DAE63A /* Postcard */ = {
			isa = PBXGroup;
			children = (
				27FC66AA19F2D76700DAE63A /* AppDelegate.swift */,
				27FC66AC19F2D76700DAE63A /* ViewController.swift */,
				27FC66AE19F2D76700DAE63A /* Main.storyboard */,
				27FC66B119F2D76700DAE63A /* Images.xcassets */,
				27FC66B319F2D76700DAE63A /* LaunchScreen.xib */,
				27FC66A819F2D76700DAE63A /* Supporting Files */,
			);
			path = Postcard;
			sourceTree = "<group>";
		};
		27FC66A819F2D76700DAE63A /* Supporting Files */ = {
			isa = PBXGroup;
			children = (
				2709104D19F4139200DF25A8 /* AlbertEinsteinStamp.jpg */,
				2709104E19F4139200DF25A8 /* SagradaFamilia.jpeg */,
				27FC66A919F2D76700DAE63A /* Info.plist */,
			);
			name = "Supporting Files";
			sourceTree = "<group>";
		};
		27FC66BD19F2D76700DAE63A /* PostcardTests */ = {
			isa = PBXGroup;
			children = (
				27FC66C019F2D76700DAE63A /* PostcardTests.swift */,
				27FC66BE19F2D76700DAE63A /* Supporting Files */,
			);
			path = PostcardTests;
			sourceTree = "<group>";
		};
		27FC66BE19F2D76700DAE63A /* Supporting Files */ = {
			isa = PBXGroup;
			children = (
				27FC66BF19F2D76700DAE63A /* Info.plist */,
			);
			name = "Supporting Files";
			sourceTree = "<group>";
		};
/* End PBXGroup section */

/* Begin PBXNativeTarget section */
		27FC66A419F2D76700DAE63A /* Postcard */ = {
			isa = PBXNativeTarget;
			buildConfigurationList = 27FC66C419F2D76700DAE63A /* Build configuration list for PBXNativeTarget "Postcard" */;
			buildPhases = (
				27FC66A119F2D76700DAE63A /* Sources */,
				27FC66A219F2D76700DAE63A /* Frameworks */,
				27FC66A319F2D76700DAE63A /* Resources */,
			);
			buildRules = (
			);
			dependencies = (
			);
			name = Postcard;
			productName = Postcard;
			productReference = 27FC66A519F2D76700DAE63A /* Postcard.app */;
			productType = "com.apple.product-type.application";
		};
		27FC66B919F2D76700DAE63A /* PostcardTests */ = {
			isa = PBXNativeTarget;
			buildConfigurationList = 27FC66C719F2D76700DAE63A /* Build configuration list for PBXNativeTarget "PostcardTests" */;
			buildPhases = (
				27FC66B619F2D76700DAE63A /* Sources */,
				27FC66B719F2D76700DAE63A /* Frameworks */,
				27FC66B819F2D76700DAE63A /* Resources */,
			);
			buildRules = (
			);
			dependencies = (
				27FC66BC19F2D76700DAE63A /* PBXTargetDependency */,
			);
			name = PostcardTests;
			productName = PostcardTests;
			productReference = 27FC66BA19F2D76700DAE63A /* PostcardTests.xctest */;
			productType = "com.apple.product-type.bundle.unit-test";
		};
/* End PBXNativeTarget section */

/* Begin PBXProject section */
		27FC669D19F2D76700DAE63A /* Project object */ = {
			isa = PBXProject;
			attributes = {
				LastUpgradeCheck = 0600;
				ORGANIZATIONNAME = bEEarAPPs;
				TargetAttributes = {
					27FC66A419F2D76700DAE63A = {
						CreatedOnToolsVersion = 6.0;
					};
					27FC66B919F2D76700DAE63A = {
						CreatedOnToolsVersion = 6.0;
						TestTargetID = 27FC66A419F2D76700DAE63A;
					};
				};
			};
			buildConfigurationList = 27FC66A019F2D76700DAE63A /* Build configuration list for PBXProject "Postcard" */;
			compatibilityVersion = "Xcode 3.2";
			developmentRegion = English;
			hasScannedForEncodings = 0;
			knownRegions = (
				en,
				Base,
			);
			mainGroup = 27FC669C19F2D76700DAE63A;
			productRefGroup = 27FC66A619F2D76700DAE63A /* Products */;
			projectDirPath = "";
			projectRoot = "";
			targets = (
				27FC66A419F2D76700DAE63A /* Postcard */,
				27FC66B919F2D76700DAE63A /* PostcardTests */,
			);
		};
/* End PBXProject section */

/* Begin PBXResourcesBuildPhase section */
		27FC66A319F2D76700DAE63A /* Resources */ = {
			isa = PBXResourcesBuildPhase;
			buildActionMask = 2147483647;
			files = (
				2709104F19F4139200DF25A8 /* AlbertEinsteinStamp.jpg in Resources */,
				27FC66B019F2D76700DAE63A /* Main.storyboard in Resources */,
				27FC66B519F2D76700DAE63A /* LaunchScreen.xib in Resources */,
				27FC66B219F2D76700DAE63A /* Images.xcassets in Resources */,
				2709105019F4139200DF25A8 /* SagradaFamilia.jpeg in Resources */,
			);
			runOnlyForDeploymentPostprocessing = 0;
		};
		27FC66B819F2D76700DAE63A /* Resources */ = {
			isa = PBXResourcesBuildPhase;
			buildActionMask = 2147483647;
			files = (
			);
			runOnlyForDeploymentPostprocessing = 0;
		};
/* End PBXResourcesBuildPhase section */

/* Begin PBXSourcesBuildPhase section */
		27FC66A119F2D76700DAE63A /* Sources */ = {
			isa = PBXSourcesBuildPhase;
			buildActionMask = 2147483647;
			files = (
				27FC66AD19F2D76700DAE63A /* ViewController.swift in Sources */,
				27FC66AB19F2D76700DAE63A /* AppDelegate.swift in Sources */,
			);
			runOnlyForDeploymentPostprocessing = 0;
		};
		27FC66B619F2D76700DAE63A /* Sources */ = {
			isa = PBXSourcesBuildPhase;
			buildActionMask = 2147483647;
			files = (
				27FC66C119F2D76700DAE63A /* PostcardTests.swift in Sources */,
			);
			runOnlyForDeploymentPostprocessing = 0;
		};
/* End PBXSourcesBuildPhase section */

/* Begin PBXTargetDependency section */
		27FC66BC19F2D76700DAE63A /* PBXTargetDependency */ = {
			isa = PBXTargetDependency;
			target = 27FC66A419F2D76700DAE63A /* Postcard */;
			targetProxy = 27FC66BB19F2D76700DAE63A /* PBXContainerItemProxy */;
		};
/* End PBXTargetDependency section */

/* Begin PBXVariantGroup section */
		27FC66AE19F2D76700DAE63A /* Main.storyboard */ = {
			isa = PBXVariantGroup;
			children = (
				27FC66AF19F2D76700DAE63A /* Base */,
			);
			name = Main.storyboard;
			sourceTree = "<group>";
		};
		27FC66B319F2D76700DAE63A /* LaunchScreen.xib */ = {
			isa = PBXVariantGroup;
			children = (
				27FC66B419F2D76700DAE63A /* Base */,
			);
			name = LaunchScreen.xib;
			sourceTree = "<group>";
		};
/* End PBXVariantGroup section */

/* Begin XCBuildConfiguration section */
		27FC66C219F2D76700DAE63A /* Debug */ = {
			isa = XCBuildConfiguration;
			buildSettings = {
				ALWAYS_SEARCH_USER_PATHS = NO;
				CLANG_CXX_LANGUAGE_STANDARD = "gnu++0x";
				CLANG_CXX_LIBRARY = "libc++";
				CLANG_ENABLE_MODULES = YES;
				CLANG_ENABLE_OBJC_ARC = YES;
				CLANG_WARN_BOOL_CONVERSION = YES;
				CLANG_WARN_CONSTANT_CONVERSION = YES;
				CLANG_WARN_DIRECT_OBJC_ISA_USAGE = YES_ERROR;
				CLANG_WARN_EMPTY_BODY = YES;
				CLANG_WARN_ENUM_CONVERSION = YES;
				CLANG_WARN_INT_CONVERSION = YES;
				CLANG_WARN_OBJC_ROOT_CLASS = YES_ERROR;
				CLANG_WARN_UNREACHABLE_CODE = YES;
				CLANG_WARN__DUPLICATE_METHOD_MATCH = YES;
				"CODE_SIGN_IDENTITY[sdk=iphoneos*]" = "iPhone Developer";
				COPY_PHASE_STRIP = NO;
				ENABLE_STRICT_OBJC_MSGSEND = YES;
				GCC_C_LANGUAGE_STANDARD = gnu99;
				GCC_DYNAMIC_NO_PIC = NO;
				GCC_OPTIMIZATION_LEVEL = 0;
				GCC_PREPROCESSOR_DEFINITIONS = (
					"DEBUG=1",
					"$(inherited)",
				);
				GCC_SYMBOLS_PRIVATE_EXTERN = NO;
				GCC_WARN_64_TO_32_BIT_CONVERSION = YES;
				GCC_WARN_ABOUT_RETURN_TYPE = YES_ERROR;
				GCC_WARN_UNDECLARED_SELECTOR = YES;
				GCC_WARN_UNINITIALIZED_AUTOS = YES_AGGRESSIVE;
				GCC_WARN_UNUSED_FUNCTION = YES;
				GCC_WARN_UNUSED_VARIABLE = YES;
				IPHONEOS_DEPLOYMENT_TARGET = 8.0;
				MTL_ENABLE_DEBUG_INFO = YES;
				ONLY_ACTIVE_ARCH = YES;
				SDKROOT = iphoneos;
				SWIFT_OPTIMIZATION_LEVEL = "-Onone";
				TARGETED_DEVICE_FAMILY = "1,2";
			};
			name = Debug;
		};
		27FC66C319F2D76700DAE63A /* Release */ = {
			isa = XCBuildConfiguration;
			buildSettings = {
				ALWAYS_SEARCH_USER_PATHS = NO;
				CLANG_CXX_LANGUAGE_STANDARD = "gnu++0x";
				CLANG_CXX_LIBRARY = "libc++";
				CLANG_ENABLE_MODULES = YES;
				CLANG_ENABLE_OBJC_ARC = YES;
				CLANG_WARN_BOOL_CONVERSION = YES;
				CLANG_WARN_CONSTANT_CONVERSION = YES;
				CLANG_WARN_DIRECT_OBJC_ISA_USAGE = YES_ERROR;
				CLANG_WARN_EMPTY_BODY = YES;
				CLANG_WARN_ENUM_CONVERSION = YES;
				CLANG_WARN_INT_CONVERSION = YES;
				CLANG_WARN_OBJC_ROOT_CLASS = YES_ERROR;
				CLANG_WARN_UNREACHABLE_CODE = YES;
				CLANG_WARN__DUPLICATE_METHOD_MATCH = YES;
				"CODE_SIGN_IDENTITY[sdk=iphoneos*]" = "iPhone Developer";
				COPY_PHASE_STRIP = YES;
				ENABLE_NS_ASSERTIONS = NO;
				ENABLE_STRICT_OBJC_MSGSEND = YES;
				GCC_C_LANGUAGE_STANDARD = gnu99;
				GCC_WARN_64_TO_32_BIT_CONVERSION = YES;
				GCC_WARN_ABOUT_RETURN_TYPE = YES_ERROR;
				GCC_WARN_UNDECLARED_SELECTOR = YES;
				GCC_WARN_UNINITIALIZED_AUTOS = YES_AGGRESSIVE;
				GCC_WARN_UNUSED_FUNCTION = YES;
				GCC_WARN_UNUSED_VARIABLE = YES;
				IPHONEOS_DEPLOYMENT_TARGET = 8.0;
				MTL_ENABLE_DEBUG_INFO = NO;
				SDKROOT = iphoneos;
				TARGETED_DEVICE_FAMILY = "1,2";
				VALIDATE_PRODUCT = YES;
			};
			name = Release;
		};
		27FC66C519F2D76700DAE63A /* Debug */ = {
			isa = XCBuildConfiguration;
			buildSettings = {
				ASSETCATALOG_COMPILER_APPICON_NAME = AppIcon;
				INFOPLIST_FILE = Postcard/Info.plist;
				LD_RUNPATH_SEARCH_PATHS = "$(inherited) @executable_path/Frameworks";
				PRODUCT_NAME = "$(TARGET_NAME)";
			};
			name = Debug;
		};
		27FC66C619F2D76700DAE63A /* Release */ = {
			isa = XCBuildConfiguration;
			buildSettings = {
				ASSETCATALOG_COMPILER_APPICON_NAME = AppIcon;
				INFOPLIST_FILE = Postcard/Info.plist;
				LD_RUNPATH_SEARCH_PATHS = "$(inherited) @executable_path/Frameworks";
				PRODUCT_NAME = "$(TARGET_NAME)";
			};
			name = Release;
		};
		27FC66C819F2D76700DAE63A /* Debug */ = {
			isa = XCBuildConfiguration;
			buildSettings = {
				BUNDLE_LOADER = "$(TEST_HOST)";
				FRAMEWORK_SEARCH_PATHS = (
					"$(SDKROOT)/Developer/Library/Frameworks",
					"$(inherited)",
				);
				GCC_PREPROCESSOR_DEFINITIONS = (
					"DEBUG=1",
					"$(inherited)",
				);
				INFOPLIST_FILE = PostcardTests/Info.plist;
				LD_RUNPATH_SEARCH_PATHS = "$(inherited) @executable_path/Frameworks @loader_path/Frameworks";
				PRODUCT_NAME = "$(TARGET_NAME)";
				TEST_HOST = "$(BUILT_PRODUCTS_DIR)/Postcard.app/Postcard";
			};
			name = Debug;
		};
		27FC66C919F2D76700DAE63A /* Release */ = {
			isa = XCBuildConfiguration;
			buildSettings = {
				BUNDLE_LOADER = "$(TEST_HOST)";
				FRAMEWORK_SEARCH_PATHS = (
					"$(SDKROOT)/Developer/Library/Frameworks",
					"$(inherited)",
				);
				INFOPLIST_FILE = PostcardTests/Info.plist;
				LD_RUNPATH_SEARCH_PATHS = "$(inherited) @executable_path/Frameworks @loader_path/Frameworks";
				PRODUCT_NAME = "$(TARGET_NAME)";
				TEST_HOST = "$(BUILT_PRODUCTS_DIR)/Postcard.app/Postcard";
			};
			name = Release;
		};
/* End XCBuildConfiguration section */

/* Begin XCConfigurationList section */
		27FC66A019F2D76700DAE63A /* Build configuration list for PBXProject "Postcard" */ = {
			isa = XCConfigurationList;
			buildConfigurations = (
				27FC66C219F2D76700DAE63A /* Debug */,
				27FC66C319F2D76700DAE63A /* Release */,
			);
			defaultConfigurationIsVisible = 0;
			defaultConfigurationName = Release;
		};
		27FC66C419F2D76700DAE63A /* Build configuration list for PBXNativeTarget "Postcard" */ = {
			isa = XCConfigurationList;
			buildConfigurations = (
				27FC66C519F2D76700DAE63A /* Debug */,
				27FC66C619F2D76700DAE63A /* Release */,
			);
			defaultConfigurationIsVisible = 0;
			defaultConfigurationName = Release;
		};
		27FC66C719F2D76700DAE63A /* Build configuration list for PBXNativeTarget "PostcardTests" */ = {
			isa = XCConfigurationList;
			buildConfigurations = (
				27FC66C819F2D76700DAE63A /* Debug */,
				27FC66C919F2D76700DAE63A /* Release */,
			);
			defaultConfigurationIsVisible = 0;
			defaultConfigurationName = Release;
		};
/* End XCConfigurationList section */
	};
	rootObject = 27FC669D19F2D76700DAE63A /* Project object */;
}
